
Microsoft Visual Studio Solution File, Format Version 12.00
# Visual Studio Version 16
VisualStudioVersion = 16.0.29920.165
MinimumVisualStudioVersion = 10.0.40219.1
Project("{FAE04EC0-301F-11D3-BF4B-00C04F79EFBC}") = "Factorial2", "Factorial2\Factorial2.csproj", "{12BFADBA-3C6A-401D-9A35-1E80B7F9351D}"
EndProject
Global
	GlobalSection(SolutionConfigurationPlatforms) = preSolution
		Debug|Any CPU = Debug|Any CPU
		Release|Any CPU = Release|Any CPU
	EndGlobalSection
	GlobalSection(ProjectConfigurationPlatforms) = postSolution
		{12BFADBA-3C6A-401D-9A35-1E80B7F9351D}.Debug|Any CPU.ActiveCfg = Debug|Any CPU
		{12BFADBA-3C6A-401D-9A35-1E80B7F9351D}.Debug|Any CPU.Build.0 = Debug|Any CPU
		{12BFADBA-3C6A-401D-9A35-1E80B7F9351D}.Release|Any CPU.ActiveCfg = Release|Any CPU
		{12BFADBA-3C6A-401D-9A35-1E80B7F9351D}.Release|Any CPU.Build.0 = Release|Any CPU
	EndGlobalSection
	GlobalSection(SolutionProperties) = preSolution
		HideSolutionNode = FALSE
	EndGlobalSection
	GlobalSection(ExtensibilityGlobals) = postSolution
		SolutionGuid = {98EBD007-1480-4027-9A80-054E00E5259B}
	EndGlobalSection
EndGlobal
